
Microsoft Visual Studio Solution File, Format Version 12.00
# Visual Studio 15
VisualStudioVersion = 15.0.28010.2016
MinimumVisualStudioVersion = 10.0.40219.1
Project("{9A19103F-16F7-4668-BE54-9A1E7A4F7556}") = "NetCoreApp", "NetCoreApp\NetCoreApp.csproj", "{01F03D14-836D-4F85-801D-8DBE1BC50991}"
EndProject
Project("{FAE04EC0-301F-11D3-BF4B-00C04F79EFBC}") = "CoreApp.Infarstructure", "CoreApp.Infarstructure\CoreApp.Infarstructure.csproj", "{5FA66935-2FFC-446C-A19A-90C88DA924DB}"
EndProject
Project("{FAE04EC0-301F-11D3-BF4B-00C04F79EFBC}") = "CoreApp.Utilities", "CoreApp.Utilities\CoreApp.Utilities.csproj", "{C9E9BFE0-4492-4530-9D6D-4E3CA48B1C78}"
EndProject
Project("{FAE04EC0-301F-11D3-BF4B-00C04F79EFBC}") = "CoreApp.Data", "CoreApp.Data\CoreApp.Data.csproj", "{D3DD5D58-CC58-4081-AC55-B210BE6CAD9F}"
EndProject
Project("{FAE04EC0-301F-11D3-BF4B-00C04F79EFBC}") = "CoreApp.Data.EF", "CoreApp.Data.EF\CoreApp.Data.EF.csproj", "{BF3638C5-9C28-46A4-883E-87D9DA06C44E}"
EndProject
Project("{FAE04EC0-301F-11D3-BF4B-00C04F79EFBC}") = "CoreApp.Application", "CoreApp.Application\CoreApp.Application.csproj", "{22E7FB0F-C71B-4766-A337-C497F4D93DD6}"
EndProject
Project("{2150E333-8FDC-42A3-9474-1A3956D46DE8}") = "1 - Presentation", "1 - Presentation", "{014C0DDC-495B-4D28-B9E7-0B8AE5E1BF6D}"
EndProject
Project("{2150E333-8FDC-42A3-9474-1A3956D46DE8}") = "2 - Application", "2 - Application", "{19E5BFFD-59AD-42CA-9E9C-FEFEA6EE4B79}"
EndProject
Project("{2150E333-8FDC-42A3-9474-1A3956D46DE8}") = "3 - Domain", "3 - Domain", "{BC3971A9-C343-4111-8F1B-2E513E8AAD82}"
EndProject
Project("{2150E333-8FDC-42A3-9474-1A3956D46DE8}") = "4 - Infarstructure", "4 - Infarstructure", "{9158B256-5AEE-4A76-A1F1-3087F37CA4EC}"
EndProject
Global
	GlobalSection(SolutionConfigurationPlatforms) = preSolution
		Debug|Any CPU = Debug|Any CPU
		Release|Any CPU = Release|Any CPU
	EndGlobalSection
	GlobalSection(ProjectConfigurationPlatforms) = postSolution
		{01F03D14-836D-4F85-801D-8DBE1BC50991}.Debug|Any CPU.ActiveCfg = Debug|Any CPU
		{01F03D14-836D-4F85-801D-8DBE1BC50991}.Debug|Any CPU.Build.0 = Debug|Any CPU
		{01F03D14-836D-4F85-801D-8DBE1BC50991}.Release|Any CPU.ActiveCfg = Release|Any CPU
		{01F03D14-836D-4F85-801D-8DBE1BC50991}.Release|Any CPU.Build.0 = Release|Any CPU
		{5FA66935-2FFC-446C-A19A-90C88DA924DB}.Debug|Any CPU.ActiveCfg = Debug|Any CPU
		{5FA66935-2FFC-446C-A19A-90C88DA924DB}.Debug|Any CPU.Build.0 = Debug|Any CPU
		{5FA66935-2FFC-446C-A19A-90C88DA924DB}.Release|Any CPU.ActiveCfg = Release|Any CPU
		{5FA66935-2FFC-446C-A19A-90C88DA924DB}.Release|Any CPU.Build.0 = Release|Any CPU
		{C9E9BFE0-4492-4530-9D6D-4E3CA48B1C78}.Debug|Any CPU.ActiveCfg = Debug|Any CPU
		{C9E9BFE0-4492-4530-9D6D-4E3CA48B1C78}.Debug|Any CPU.Build.0 = Debug|Any CPU
		{C9E9BFE0-4492-4530-9D6D-4E3CA48B1C78}.Release|Any CPU.ActiveCfg = Release|Any CPU
		{C9E9BFE0-4492-4530-9D6D-4E3CA48B1C78}.Release|Any CPU.Build.0 = Release|Any CPU
		{D3DD5D58-CC58-4081-AC55-B210BE6CAD9F}.Debug|Any CPU.ActiveCfg = Debug|Any CPU
		{D3DD5D58-CC58-4081-AC55-B210BE6CAD9F}.Debug|Any CPU.Build.0 = Debug|Any CPU
		{D3DD5D58-CC58-4081-AC55-B210BE6CAD9F}.Release|Any CPU.ActiveCfg = Release|Any CPU
		{D3DD5D58-CC58-4081-AC55-B210BE6CAD9F}.Release|Any CPU.Build.0 = Release|Any CPU
		{BF3638C5-9C28-46A4-883E-87D9DA06C44E}.Debug|Any CPU.ActiveCfg = Debug|Any CPU
		{BF3638C5-9C28-46A4-883E-87D9DA06C44E}.Debug|Any CPU.Build.0 = Debug|Any CPU
		{BF3638C5-9C28-46A4-883E-87D9DA06C44E}.Release|Any CPU.ActiveCfg = Release|Any CPU
		{BF3638C5-9C28-46A4-883E-87D9DA06C44E}.Release|Any CPU.Build.0 = Release|Any CPU
		{22E7FB0F-C71B-4766-A337-C497F4D93DD6}.Debug|Any CPU.ActiveCfg = Debug|Any CPU
		{22E7FB0F-C71B-4766-A337-C497F4D93DD6}.Debug|Any CPU.Build.0 = Debug|Any CPU
		{22E7FB0F-C71B-4766-A337-C497F4D93DD6}.Release|Any CPU.ActiveCfg = Release|Any CPU
		{22E7FB0F-C71B-4766-A337-C497F4D93DD6}.Release|Any CPU.Build.0 = Release|Any CPU
	EndGlobalSection
	GlobalSection(SolutionProperties) = preSolution
		HideSolutionNode = FALSE
	EndGlobalSection
	GlobalSection(NestedProjects) = preSolution
		{01F03D14-836D-4F85-801D-8DBE1BC50991} = {014C0DDC-495B-4D28-B9E7-0B8AE5E1BF6D}
		{5FA66935-2FFC-446C-A19A-90C88DA924DB} = {9158B256-5AEE-4A76-A1F1-3087F37CA4EC}
		{C9E9BFE0-4492-4530-9D6D-4E3CA48B1C78} = {9158B256-5AEE-4A76-A1F1-3087F37CA4EC}
		{D3DD5D58-CC58-4081-AC55-B210BE6CAD9F} = {BC3971A9-C343-4111-8F1B-2E513E8AAD82}
		{BF3638C5-9C28-46A4-883E-87D9DA06C44E} = {BC3971A9-C343-4111-8F1B-2E513E8AAD82}
		{22E7FB0F-C71B-4766-A337-C497F4D93DD6} = {19E5BFFD-59AD-42CA-9E9C-FEFEA6EE4B79}
	EndGlobalSection
	GlobalSection(ExtensibilityGlobals) = postSolution
		SolutionGuid = {CF8BDCF0-5676-40C6-917A-AFA4E7CD6F4D}
	EndGlobalSection
EndGlobal
